
Microsoft Visual Studio Solution File, Format Version 12.00
# Visual Studio 15
VisualStudioVersion = 15.0.26124.0
MinimumVisualStudioVersion = 15.0.26124.0
Project("{FAE04EC0-301F-11D3-BF4B-00C04F79EFBC}") = "API", "API\API.csproj", "{0E4B5452-6052-4121-868C-8D53D511B750}"
EndProject
Project("{FAE04EC0-301F-11D3-BF4B-00C04F79EFBC}") = "Application", "Application\Application.csproj", "{DA67197A-D6C3-4595-B708-080A6A1C9FB0}"
EndProject
Project("{FAE04EC0-301F-11D3-BF4B-00C04F79EFBC}") = "Persistence", "Persistence\Persistence.csproj", "{31C41E9F-FCD8-4A97-9313-1924FFBC24C2}"
EndProject
Project("{FAE04EC0-301F-11D3-BF4B-00C04F79EFBC}") = "Domain", "Domain\Domain.csproj", "{76474735-69D0-45EF-AC65-64EE76F5532F}"
EndProject
Global
	GlobalSection(SolutionConfigurationPlatforms) = preSolution
		Debug|Any CPU = Debug|Any CPU
		Debug|x64 = Debug|x64
		Debug|x86 = Debug|x86
		Release|Any CPU = Release|Any CPU
		Release|x64 = Release|x64
		Release|x86 = Release|x86
	EndGlobalSection
	GlobalSection(SolutionProperties) = preSolution
		HideSolutionNode = FALSE
	EndGlobalSection
	GlobalSection(ProjectConfigurationPlatforms) = postSolution
		{0E4B5452-6052-4121-868C-8D53D511B750}.Debug|Any CPU.ActiveCfg = Debug|Any CPU
		{0E4B5452-6052-4121-868C-8D53D511B750}.Debug|Any CPU.Build.0 = Debug|Any CPU
		{0E4B5452-6052-4121-868C-8D53D511B750}.Debug|x64.ActiveCfg = Debug|Any CPU
		{0E4B5452-6052-4121-868C-8D53D511B750}.Debug|x64.Build.0 = Debug|Any CPU
		{0E4B5452-6052-4121-868C-8D53D511B750}.Debug|x86.ActiveCfg = Debug|Any CPU
		{0E4B5452-6052-4121-868C-8D53D511B750}.Debug|x86.Build.0 = Debug|Any CPU
		{0E4B5452-6052-4121-868C-8D53D511B750}.Release|Any CPU.ActiveCfg = Release|Any CPU
		{0E4B5452-6052-4121-868C-8D53D511B750}.Release|Any CPU.Build.0 = Release|Any CPU
		{0E4B5452-6052-4121-868C-8D53D511B750}.Release|x64.ActiveCfg = Release|Any CPU
		{0E4B5452-6052-4121-868C-8D53D511B750}.Release|x64.Build.0 = Release|Any CPU
		{0E4B5452-6052-4121-868C-8D53D511B750}.Release|x86.ActiveCfg = Release|Any CPU
		{0E4B5452-6052-4121-868C-8D53D511B750}.Release|x86.Build.0 = Release|Any CPU
		{DA67197A-D6C3-4595-B708-080A6A1C9FB0}.Debug|Any CPU.ActiveCfg = Debug|Any CPU
		{DA67197A-D6C3-4595-B708-080A6A1C9FB0}.Debug|Any CPU.Build.0 = Debug|Any CPU
		{DA67197A-D6C3-4595-B708-080A6A1C9FB0}.Debug|x64.ActiveCfg = Debug|Any CPU
		{DA67197A-D6C3-4595-B708-080A6A1C9FB0}.Debug|x64.Build.0 = Debug|Any CPU
		{DA67197A-D6C3-4595-B708-080A6A1C9FB0}.Debug|x86.ActiveCfg = Debug|Any CPU
		{DA67197A-D6C3-4595-B708-080A6A1C9FB0}.Debug|x86.Build.0 = Debug|Any CPU
		{DA67197A-D6C3-4595-B708-080A6A1C9FB0}.Release|Any CPU.ActiveCfg = Release|Any CPU
		{DA67197A-D6C3-4595-B708-080A6A1C9FB0}.Release|Any CPU.Build.0 = Release|Any CPU
		{DA67197A-D6C3-4595-B708-080A6A1C9FB0}.Release|x64.ActiveCfg = Release|Any CPU
		{DA67197A-D6C3-4595-B708-080A6A1C9FB0}.Release|x64.Build.0 = Release|Any CPU
		{DA67197A-D6C3-4595-B708-080A6A1C9FB0}.Release|x86.ActiveCfg = Release|Any CPU
		{DA67197A-D6C3-4595-B708-080A6A1C9FB0}.Release|x86.Build.0 = Release|Any CPU
		{31C41E9F-FCD8-4A97-9313-1924FFBC24C2}.Debug|Any CPU.ActiveCfg = Debug|Any CPU
		{31C41E9F-FCD8-4A97-9313-1924FFBC24C2}.Debug|Any CPU.Build.0 = Debug|Any CPU
		{31C41E9F-FCD8-4A97-9313-1924FFBC24C2}.Debug|x64.ActiveCfg = Debug|Any CPU
		{31C41E9F-FCD8-4A97-9313-1924FFBC24C2}.Debug|x64.Build.0 = Debug|Any CPU
		{31C41E9F-FCD8-4A97-9313-1924FFBC24C2}.Debug|x86.ActiveCfg = Debug|Any CPU
		{31C41E9F-FCD8-4A97-9313-1924FFBC24C2}.Debug|x86.Build.0 = Debug|Any CPU
		{31C41E9F-FCD8-4A97-9313-1924FFBC24C2}.Release|Any CPU.ActiveCfg = Release|Any CPU
		{31C41E9F-FCD8-4A97-9313-1924FFBC24C2}.Release|Any CPU.Build.0 = Release|Any CPU
		{31C41E9F-FCD8-4A97-9313-1924FFBC24C2}.Release|x64.ActiveCfg = Release|Any CPU
		{31C41E9F-FCD8-4A97-9313-1924FFBC24C2}.Release|x64.Build.0 = Release|Any CPU
		{31C41E9F-FCD8-4A97-9313-1924FFBC24C2}.Release|x86.ActiveCfg = Release|Any CPU
		{31C41E9F-FCD8-4A97-9313-1924FFBC24C2}.Release|x86.Build.0 = Release|Any CPU
		{76474735-69D0-45EF-AC65-64EE76F5532F}.Debug|Any CPU.ActiveCfg = Debug|Any CPU
		{76474735-69D0-45EF-AC65-64EE76F5532F}.Debug|Any CPU.Build.0 = Debug|Any CPU
		{76474735-69D0-45EF-AC65-64EE76F5532F}.Debug|x64.ActiveCfg = Debug|Any CPU
		{76474735-69D0-45EF-AC65-64EE76F5532F}.Debug|x64.Build.0 = Debug|Any CPU
		{76474735-69D0-45EF-AC65-64EE76F5532F}.Debug|x86.ActiveCfg = Debug|Any CPU
		{76474735-69D0-45EF-AC65-64EE76F5532F}.Debug|x86.Build.0 = Debug|Any CPU
		{76474735-69D0-45EF-AC65-64EE76F5532F}.Release|Any CPU.ActiveCfg = Release|Any CPU
		{76474735-69D0-45EF-AC65-64EE76F5532F}.Release|Any CPU.Build.0 = Release|Any CPU
		{76474735-69D0-45EF-AC65-64EE76F5532F}.Release|x64.ActiveCfg = Release|Any CPU
		{76474735-69D0-45EF-AC65-64EE76F5532F}.Release|x64.Build.0 = Release|Any CPU
		{76474735-69D0-45EF-AC65-64EE76F5532F}.Release|x86.ActiveCfg = Release|Any CPU
		{76474735-69D0-45EF-AC65-64EE76F5532F}.Release|x86.Build.0 = Release|Any CPU
	EndGlobalSection
EndGlobal
